// !$*UTF8*$!
{
	archiveVersion = 1;
	classes = {
	};
	objectVersion = 48;
	objects = {

/* Begin PBXBuildFile section */
		4546C6431FA12703006A6AA1 /* ConfigureAccessoryViewController.swift in Sources */ = {isa = PBXBuildFile; fileRef = 4546C6421FA12703006A6AA1 /* ConfigureAccessoryViewController.swift */; };
		45BFAF871FA0CF44006791DA /* AppDelegate.swift in Sources */ = {isa = PBXBuildFile; fileRef = 45BFAF861FA0CF44006791DA /* AppDelegate.swift */; };
		45BFAF891FA0CF44006791DA /* ScanMFiDevicesViewController.swift in Sources */ = {isa = PBXBuildFile; fileRef = 45BFAF881FA0CF44006791DA /* ScanMFiDevicesViewController.swift */; };
		45BFAF8C1FA0CF44006791DA /* Main.storyboard in Resources */ = {isa = PBXBuildFile; fileRef = 45BFAF8A1FA0CF44006791DA /* Main.storyboard */; };
		45BFAF8E1FA0CF44006791DA /* Assets.xcassets in Resources */ = {isa = PBXBuildFile; fileRef = 45BFAF8D1FA0CF44006791DA /* Assets.xcassets */; };
		45BFAF911FA0CF44006791DA /* LaunchScreen.storyboard in Resources */ = {isa = PBXBuildFile; fileRef = 45BFAF8F1FA0CF44006791DA /* LaunchScreen.storyboard */; };
		45BFAF9E1FA11D63006791DA /* ScanMCNearbyServiceViewController.swift in Sources */ = {isa = PBXBuildFile; fileRef = 45BFAF9D1FA11D63006791DA /* ScanMCNearbyServiceViewController.swift */; };
/* End PBXBuildFile section */

/* Begin PBXFileReference section */
		4546C6421FA12703006A6AA1 /* ConfigureAccessoryViewController.swift */ = {isa = PBXFileReference; lastKnownFileType = sourcecode.swift; path = ConfigureAccessoryViewController.swift; sourceTree = "<group>"; };
		45BFAF831FA0CF44006791DA /* firstPaidTask.app */ = {isa = PBXFileReference; explicitFileType = wrapper.application; includeInIndex = 0; path = firstPaidTask.app; sourceTree = BUILT_PRODUCTS_DIR; };
		45BFAF861FA0CF44006791DA /* AppDelegate.swift */ = {isa = PBXFileReference; lastKnownFileType = sourcecode.swift; path = AppDelegate.swift; sourceTree = "<group>"; };
		45BFAF881FA0CF44006791DA /* ScanMFiDevicesViewController.swift */ = {isa = PBXFileReference; lastKnownFileType = sourcecode.swift; path = ScanMFiDevicesViewController.swift; sourceTree = "<group>"; };
		45BFAF8B1FA0CF44006791DA /* Base */ = {isa = PBXFileReference; lastKnownFileType = file.storyboard; name = Base; path = Base.lproj/Main.storyboard; sourceTree = "<group>"; };
		45BFAF8D1FA0CF44006791DA /* Assets.xcassets */ = {isa = PBXFileReference; lastKnownFileType = folder.assetcatalog; path = Assets.xcassets; sourceTree = "<group>"; };
		45BFAF901FA0CF44006791DA /* Base */ = {isa = PBXFileReference; lastKnownFileType = file.storyboard; name = Base; path = Base.lproj/LaunchScreen.storyboard; sourceTree = "<group>"; };
		45BFAF921FA0CF44006791DA /* Info.plist */ = {isa = PBXFileReference; lastKnownFileType = text.plist.xml; path = Info.plist; sourceTree = "<group>"; };
		45BFAF9D1FA11D63006791DA /* ScanMCNearbyServiceViewController.swift */ = {isa = PBXFileReference; lastKnownFileType = sourcecode.swift; path = ScanMCNearbyServiceViewController.swift; sourceTree = "<group>"; };
/* End PBXFileReference section */

/* Begin PBXFrameworksBuildPhase section */
		45BFAF801FA0CF44006791DA /* Frameworks */ = {
			isa = PBXFrameworksBuildPhase;
			buildActionMask = 2147483647;
			files = (
			);
			runOnlyForDeploymentPostprocessing = 0;
		};
/* End PBXFrameworksBuildPhase section */

/* Begin PBXGroup section */
		4546C6411FA126D6006A6AA1 /* ConfigureAccessoryController */ = {
			isa = PBXGroup;
			children = (
				4546C6421FA12703006A6AA1 /* ConfigureAccessoryViewController.swift */,
			);
			path = ConfigureAccessoryController;
			sourceTree = "<group>";
		};
		45BFAF7A1FA0CF44006791DA = {
			isa = PBXGroup;
			children = (
				45BFAF851FA0CF44006791DA /* firstPaidTask */,
				45BFAF841FA0CF44006791DA /* Products */,
			);
			sourceTree = "<group>";
		};
		45BFAF841FA0CF44006791DA /* Products */ = {
			isa = PBXGroup;
			children = (
				45BFAF831FA0CF44006791DA /* firstPaidTask.app */,
			);
			name = Products;
			sourceTree = "<group>";
		};
		45BFAF851FA0CF44006791DA /* firstPaidTask */ = {
			isa = PBXGroup;
			children = (
				45BFAF9A1FA0CF88006791DA /* Assets */,
				45BFAF991FA0CF76006791DA /* Storyboards */,
				45BFAF981FA0CF65006791DA /* Controllers */,
				45BFAF861FA0CF44006791DA /* AppDelegate.swift */,
				45BFAF921FA0CF44006791DA /* Info.plist */,
			);
			path = firstPaidTask;
			sourceTree = "<group>";
		};
		45BFAF981FA0CF65006791DA /* Controllers */ = {
			isa = PBXGroup;
			children = (
				4546C6411FA126D6006A6AA1 /* ConfigureAccessoryController */,
				45BFAF9C1FA11D36006791DA /* ScanMCNearbyServiceController */,
				45BFAF9B1FA0D06C006791DA /* ScanMFiDevicesViewController */,
			);
			path = Controllers;
			sourceTree = "<group>";
		};
		45BFAF991FA0CF76006791DA /* Storyboards */ = {
			isa = PBXGroup;
			children = (
				45BFAF8F1FA0CF44006791DA /* LaunchScreen.storyboard */,
				45BFAF8A1FA0CF44006791DA /* Main.storyboard */,
			);
			path = Storyboards;
			sourceTree = "<group>";
		};
		45BFAF9A1FA0CF88006791DA /* Assets */ = {
			isa = PBXGroup;
			children = (
				45BFAF8D1FA0CF44006791DA /* Assets.xcassets */,
			);
			path = Assets;
			sourceTree = "<group>";
		};
		45BFAF9B1FA0D06C006791DA /* ScanMFiDevicesViewController */ = {
			isa = PBXGroup;
			children = (
				45BFAF881FA0CF44006791DA /* ScanMFiDevicesViewController.swift */,
			);
			path = ScanMFiDevicesViewController;
			sourceTree = "<group>";
		};
		45BFAF9C1FA11D36006791DA /* ScanMCNearbyServiceController */ = {
			isa = PBXGroup;
			children = (
				45BFAF9D1FA11D63006791DA /* ScanMCNearbyServiceViewController.swift */,
			);
			path = ScanMCNearbyServiceController;
			sourceTree = "<group>";
		};
/* End PBXGroup section */

/* Begin PBXNativeTarget section */
		45BFAF821FA0CF44006791DA /* firstPaidTask */ = {
			isa = PBXNativeTarget;
			buildConfigurationList = 45BFAF951FA0CF44006791DA /* Build configuration list for PBXNativeTarget "firstPaidTask" */;
			buildPhases = (
				45BFAF7F1FA0CF44006791DA /* Sources */,
				45BFAF801FA0CF44006791DA /* Frameworks */,
				45BFAF811FA0CF44006791DA /* Resources */,
			);
			buildRules = (
			);
			dependencies = (
			);
			name = firstPaidTask;
			productName = firstPaidTask;
			productReference = 45BFAF831FA0CF44006791DA /* firstPaidTask.app */;
			productType = "com.apple.product-type.application";
		};
/* End PBXNativeTarget section */

/* Begin PBXProject section */
		45BFAF7B1FA0CF44006791DA /* Project object */ = {
			isa = PBXProject;
			attributes = {
				LastSwiftUpdateCheck = 0900;
				LastUpgradeCheck = 0900;
				ORGANIZATIONNAME = VladOS;
				TargetAttributes = {
					45BFAF821FA0CF44006791DA = {
						CreatedOnToolsVersion = 9.0.1;
						ProvisioningStyle = Automatic;
					};
				};
			};
			buildConfigurationList = 45BFAF7E1FA0CF44006791DA /* Build configuration list for PBXProject "firstPaidTask" */;
			compatibilityVersion = "Xcode 8.0";
			developmentRegion = en;
			hasScannedForEncodings = 0;
			knownRegions = (
				en,
				Base,
			);
			mainGroup = 45BFAF7A1FA0CF44006791DA;
			productRefGroup = 45BFAF841FA0CF44006791DA /* Products */;
			projectDirPath = "";
			projectRoot = "";
			targets = (
				45BFAF821FA0CF44006791DA /* firstPaidTask */,
			);
		};
/* End PBXProject section */

/* Begin PBXResourcesBuildPhase section */
		45BFAF811FA0CF44006791DA /* Resources */ = {
			isa = PBXResourcesBuildPhase;
			buildActionMask = 2147483647;
			files = (
				45BFAF911FA0CF44006791DA /* LaunchScreen.storyboard in Resources */,
				45BFAF8E1FA0CF44006791DA /* Assets.xcassets in Resources */,
				45BFAF8C1FA0CF44006791DA /* Main.storyboard in Resources */,
			);
			runOnlyForDeploymentPostprocessing = 0;
		};
/* End PBXResourcesBuildPhase section */

/* Begin PBXSourcesBuildPhase section */
		45BFAF7F1FA0CF44006791DA /* Sources */ = {
			isa = PBXSourcesBuildPhase;
			buildActionMask = 2147483647;
			files = (
				45BFAF891FA0CF44006791DA /* ScanMFiDevicesViewController.swift in Sources */,
				45BFAF9E1FA11D63006791DA /* ScanMCNearbyServiceViewController.swift in Sources */,
				4546C6431FA12703006A6AA1 /* ConfigureAccessoryViewController.swift in Sources */,
				45BFAF871FA0CF44006791DA /* AppDelegate.swift in Sources */,
			);
			runOnlyForDeploymentPostprocessing = 0;
		};
/* End PBXSourcesBuildPhase section */

/* Begin PBXVariantGroup section */
		45BFAF8A1FA0CF44006791DA /* Main.storyboard */ = {
			isa = PBXVariantGroup;
			children = (
				45BFAF8B1FA0CF44006791DA /* Base */,
			);
			name = Main.storyboard;
			sourceTree = "<group>";
		};
		45BFAF8F1FA0CF44006791DA /* LaunchScreen.storyboard */ = {
			isa = PBXVariantGroup;
			children = (
				45BFAF901FA0CF44006791DA /* Base */,
			);
			name = LaunchScreen.storyboard;
			sourceTree = "<group>";
		};
/* End PBXVariantGroup section */

/* Begin XCBuildConfiguration section */
		45BFAF931FA0CF44006791DA /* Debug */ = {
			isa = XCBuildConfiguration;
			buildSettings = {
				ALWAYS_SEARCH_USER_PATHS = NO;
				CLANG_ANALYZER_NONNULL = YES;
				CLANG_ANALYZER_NUMBER_OBJECT_CONVERSION = YES_AGGRESSIVE;
				CLANG_CXX_LANGUAGE_STANDARD = "gnu++14";
				CLANG_CXX_LIBRARY = "libc++";
				CLANG_ENABLE_MODULES = YES;
				CLANG_ENABLE_OBJC_ARC = YES;
				CLANG_WARN_BLOCK_CAPTURE_AUTORELEASING = YES;
				CLANG_WARN_BOOL_CONVERSION = YES;
				CLANG_WARN_COMMA = YES;
				CLANG_WARN_CONSTANT_CONVERSION = YES;
				CLANG_WARN_DIRECT_OBJC_ISA_USAGE = YES_ERROR;
				CLANG_WARN_DOCUMENTATION_COMMENTS = YES;
				CLANG_WARN_EMPTY_BODY = YES;
				CLANG_WARN_ENUM_CONVERSION = YES;
				CLANG_WARN_INFINITE_RECURSION = YES;
				CLANG_WARN_INT_CONVERSION = YES;
				CLANG_WARN_NON_LITERAL_NULL_CONVERSION = YES;
				CLANG_WARN_OBJC_LITERAL_CONVERSION = YES;
				CLANG_WARN_OBJC_ROOT_CLASS = YES_ERROR;
				CLANG_WARN_RANGE_LOOP_ANALYSIS = YES;
				CLANG_WARN_STRICT_PROTOTYPES = YES;
				CLANG_WARN_SUSPICIOUS_MOVE = YES;
				CLANG_WARN_UNGUARDED_AVAILABILITY = YES_AGGRESSIVE;
				CLANG_WARN_UNREACHABLE_CODE = YES;
				CLANG_WARN__DUPLICATE_METHOD_MATCH = YES;
				CODE_SIGN_IDENTITY = "iPhone Developer";
				COPY_PHASE_STRIP = NO;
				DEBUG_INFORMATION_FORMAT = dwarf;
				ENABLE_STRICT_OBJC_MSGSEND = YES;
				ENABLE_TESTABILITY = YES;
				GCC_C_LANGUAGE_STANDARD = gnu11;
				GCC_DYNAMIC_NO_PIC = NO;
				GCC_NO_COMMON_BLOCKS = YES;
				GCC_OPTIMIZATION_LEVEL = 0;
				GCC_PREPROCESSOR_DEFINITIONS = (
					"DEBUG=1",
					"$(inherited)",
				);
				GCC_WARN_64_TO_32_BIT_CONVERSION = YES;
				GCC_WARN_ABOUT_RETURN_TYPE = YES_ERROR;
				GCC_WARN_UNDECLARED_SELECTOR = YES;
				GCC_WARN_UNINITIALIZED_AUTOS = YES_AGGRESSIVE;
				GCC_WARN_UNUSED_FUNCTION = YES;
				GCC_WARN_UNUSED_VARIABLE = YES;
				IPHONEOS_DEPLOYMENT_TARGET = 11.0;
				MTL_ENABLE_DEBUG_INFO = YES;
				ONLY_ACTIVE_ARCH = YES;
				SDKROOT = iphoneos;
				SWIFT_ACTIVE_COMPILATION_CONDITIONS = DEBUG;
				SWIFT_OPTIMIZATION_LEVEL = "-Onone";
			};
			name = Debug;
		};
		45BFAF941FA0CF44006791DA /* Release */ = {
			isa = XCBuildConfiguration;
			buildSettings = {
				ALWAYS_SEARCH_USER_PATHS = NO;
				CLANG_ANALYZER_NONNULL = YES;
				CLANG_ANALYZER_NUMBER_OBJECT_CONVERSION = YES_AGGRESSIVE;
				CLANG_CXX_LANGUAGE_STANDARD = "gnu++14";
				CLANG_CXX_LIBRARY = "libc++";
				CLANG_ENABLE_MODULES = YES;
				CLANG_ENABLE_OBJC_ARC = YES;
				CLANG_WARN_BLOCK_CAPTURE_AUTORELEASING = YES;
				CLANG_WARN_BOOL_CONVERSION = YES;
				CLANG_WARN_COMMA = YES;
				CLANG_WARN_CONSTANT_CONVERSION = YES;
				CLANG_WARN_DIRECT_OBJC_ISA_USAGE = YES_ERROR;
				CLANG_WARN_DOCUMENTATION_COMMENTS = YES;
				CLANG_WARN_EMPTY_BODY = YES;
				CLANG_WARN_ENUM_CONVERSION = YES;
				CLANG_WARN_INFINITE_RECURSION = YES;
				CLANG_WARN_INT_CONVERSION = YES;
				CLANG_WARN_NON_LITERAL_NULL_CONVERSION = YES;
				CLANG_WARN_OBJC_LITERAL_CONVERSION = YES;
				CLANG_WARN_OBJC_ROOT_CLASS = YES_ERROR;
				CLANG_WARN_RANGE_LOOP_ANALYSIS = YES;
				CLANG_WARN_STRICT_PROTOTYPES = YES;
				CLANG_WARN_SUSPICIOUS_MOVE = YES;
				CLANG_WARN_UNGUARDED_AVAILABILITY = YES_AGGRESSIVE;
				CLANG_WARN_UNREACHABLE_CODE = YES;
				CLANG_WARN__DUPLICATE_METHOD_MATCH = YES;
				CODE_SIGN_IDENTITY = "iPhone Developer";
				COPY_PHASE_STRIP = NO;
				DEBUG_INFORMATION_FORMAT = "dwarf-with-dsym";
				ENABLE_NS_ASSERTIONS = NO;
				ENABLE_STRICT_OBJC_MSGSEND = YES;
				GCC_C_LANGUAGE_STANDARD = gnu11;
				GCC_NO_COMMON_BLOCKS = YES;
				GCC_WARN_64_TO_32_BIT_CONVERSION = YES;
				GCC_WARN_ABOUT_RETURN_TYPE = YES_ERROR;
				GCC_WARN_UNDECLARED_SELECTOR = YES;
				GCC_WARN_UNINITIALIZED_AUTOS = YES_AGGRESSIVE;
				GCC_WARN_UNUSED_FUNCTION = YES;
				GCC_WARN_UNUSED_VARIABLE = YES;
				IPHONEOS_DEPLOYMENT_TARGET = 11.0;
				MTL_ENABLE_DEBUG_INFO = NO;
				SDKROOT = iphoneos;
				SWIFT_OPTIMIZATION_LEVEL = "-Owholemodule";
				VALIDATE_PRODUCT = YES;
			};
			name = Release;
		};
		45BFAF961FA0CF44006791DA /* Debug */ = {
			isa = XCBuildConfiguration;
			buildSettings = {
				ASSETCATALOG_COMPILER_APPICON_NAME = AppIcon;
				CODE_SIGN_STYLE = Automatic;
				DEVELOPMENT_TEAM = DCX4J53M3H;
				INFOPLIST_FILE = firstPaidTask/Info.plist;
				LD_RUNPATH_SEARCH_PATHS = "$(inherited) @executable_path/Frameworks";
				PRODUCT_BUNDLE_IDENTIFIER = com.vlados.firstPaidTask;
				PRODUCT_NAME = "$(TARGET_NAME)";
				SWIFT_VERSION = 4.0;
				TARGETED_DEVICE_FAMILY = "1,2";
			};
			name = Debug;
		};
		45BFAF971FA0CF44006791DA /* Release */ = {
			isa = XCBuildConfiguration;
			buildSettings = {
				ASSETCATALOG_COMPILER_APPICON_NAME = AppIcon;
				CODE_SIGN_STYLE = Automatic;
				DEVELOPMENT_TEAM = DCX4J53M3H;
				INFOPLIST_FILE = firstPaidTask/Info.plist;
				LD_RUNPATH_SEARCH_PATHS = "$(inherited) @executable_path/Frameworks";
				PRODUCT_BUNDLE_IDENTIFIER = com.vlados.firstPaidTask;
				PRODUCT_NAME = "$(TARGET_NAME)";
				SWIFT_VERSION = 4.0;
				TARGETED_DEVICE_FAMILY = "1,2";
			};
			name = Release;
		};
/* End XCBuildConfiguration section */

/* Begin XCConfigurationList section */
		45BFAF7E1FA0CF44006791DA /* Build configuration list for PBXProject "firstPaidTask" */ = {
			isa = XCConfigurationList;
			buildConfigurations = (
				45BFAF931FA0CF44006791DA /* Debug */,
				45BFAF941FA0CF44006791DA /* Release */,
			);
			defaultConfigurationIsVisible = 0;
			defaultConfigurationName = Release;
		};
		45BFAF951FA0CF44006791DA /* Build configuration list for PBXNativeTarget "firstPaidTask" */ = {
			isa = XCConfigurationList;
			buildConfigurations = (
				45BFAF961FA0CF44006791DA /* Debug */,
				45BFAF971FA0CF44006791DA /* Release */,
			);
			defaultConfigurationIsVisible = 0;
			defaultConfigurationName = Release;
		};
/* End XCConfigurationList section */
	};
	rootObject = 45BFAF7B1FA0CF44006791DA /* Project object */;
}
